
Microsoft Visual Studio Solution File, Format Version 12.00
# Visual Studio Version 16
VisualStudioVersion = 16.0.31005.135
MinimumVisualStudioVersion = 10.0.40219.1
Project("{FAE04EC0-301F-11D3-BF4B-00C04F79EFBC}") = "SubirMultimedia", "SubirMultimedia\SubirMultimedia.csproj", "{05255D79-C3A6-463E-8501-196CD095FB53}"
EndProject
Global
	GlobalSection(SolutionConfigurationPlatforms) = preSolution
		Debug|Any CPU = Debug|Any CPU
		Release|Any CPU = Release|Any CPU
		
		
	EndGlobalSection
	GlobalSection(ProjectConfigurationPlatforms) = postSolution
		{05255D79-C3A6-463E-8501-196CD095FB53}.Debug|Any CPU.ActiveCfg = Debug|Any CPU
		{05255D79-C3A6-463E-8501-196CD095FB53}.Debug|Any CPU.Build.0 = Debug|Any CPU
		{05255D79-C3A6-463E-8501-196CD095FB53}.Release|Any CPU.ActiveCfg = Release|Any CPU
		{05255D79-C3A6-463E-8501-196CD095FB53}.Release|Any CPU.Build.0 = Release|Any CPU
	EndGlobalSection
	GlobalSection(SolutionProperties) = preSolution
		HideSolutionNode = FALSE
	EndGlobalSection
	GlobalSection(ExtensibilityGlobals) = postSolution
		SolutionGuid = {FCF09C68-7B9E-4ED9-90D1-324BC352D2B3}
	EndGlobalSection
EndGlobal
